{
  "name": "lab2-example",
  "version": "1.0.0",
  "lockfileVersion": 3,
  "requires": true,
  "packages": {
    "": {
      "name": "lab2-example",
      "version": "1.0.0",
      "license": "MIT",
      "dependencies": {
        "lab2-library": "file:.."
      }
    },
    "..": {
      "name": "lab2-library",
      "version": "1.0.0",
      "license": "MIT"
    },
    "node_modules/lab2-library": {
      "resolved": "..",
      "link": true
    }
  }
}
